
Microsoft Visual Studio Solution File, Format Version 12.00
# Visual Studio Version 17
VisualStudioVersion = 17.9.34728.123
MinimumVisualStudioVersion = 10.0.40219.1
Project("{8BC9CEB8-8B4A-11D0-8D11-00A0C91BC942}") = "Program", "Program.vcxproj", "{A0094B1E-AAED-4216-9175-D0FF27EEEF06}"
EndProject
Project("{8BC9CEB8-8B4A-11D0-8D11-00A0C91BC942}") = "Class1th (Compile)", "..\Class1th (Compile)\Class1th (Compile).vcxproj", "{83C01D5E-4472-4A92-A962-ACD87CFE3CD8}"
EndProject
Project("{8BC9CEB8-8B4A-11D0-8D11-00A0C91BC942}") = "Class2th (Variable & Constant)", "..\Class2th (Variable & Constant)\Class2th (Variable & Constant).vcxproj", "{00B47050-444F-4980-A03C-A1EC4ABA0E05}"
EndProject
Global
	GlobalSection(SolutionConfigurationPlatforms) = preSolution
		Debug|x64 = Debug|x64
		Debug|x86 = Debug|x86
		Release|x64 = Release|x64
		Release|x86 = Release|x86
	EndGlobalSection
	GlobalSection(ProjectConfigurationPlatforms) = postSolution
		{A0094B1E-AAED-4216-9175-D0FF27EEEF06}.Debug|x64.ActiveCfg = Debug|x64
		{A0094B1E-AAED-4216-9175-D0FF27EEEF06}.Debug|x64.Build.0 = Debug|x64
		{A0094B1E-AAED-4216-9175-D0FF27EEEF06}.Debug|x86.ActiveCfg = Debug|Win32
		{A0094B1E-AAED-4216-9175-D0FF27EEEF06}.Debug|x86.Build.0 = Debug|Win32
		{A0094B1E-AAED-4216-9175-D0FF27EEEF06}.Release|x64.ActiveCfg = Release|x64
		{A0094B1E-AAED-4216-9175-D0FF27EEEF06}.Release|x64.Build.0 = Release|x64
		{A0094B1E-AAED-4216-9175-D0FF27EEEF06}.Release|x86.ActiveCfg = Release|Win32
		{A0094B1E-AAED-4216-9175-D0FF27EEEF06}.Release|x86.Build.0 = Release|Win32
		{83C01D5E-4472-4A92-A962-ACD87CFE3CD8}.Debug|x64.ActiveCfg = Debug|x64
		{83C01D5E-4472-4A92-A962-ACD87CFE3CD8}.Debug|x64.Build.0 = Debug|x64
		{83C01D5E-4472-4A92-A962-ACD87CFE3CD8}.Debug|x86.ActiveCfg = Debug|Win32
		{83C01D5E-4472-4A92-A962-ACD87CFE3CD8}.Debug|x86.Build.0 = Debug|Win32
		{83C01D5E-4472-4A92-A962-ACD87CFE3CD8}.Release|x64.ActiveCfg = Release|x64
		{83C01D5E-4472-4A92-A962-ACD87CFE3CD8}.Release|x64.Build.0 = Release|x64
		{83C01D5E-4472-4A92-A962-ACD87CFE3CD8}.Release|x86.ActiveCfg = Release|Win32
		{83C01D5E-4472-4A92-A962-ACD87CFE3CD8}.Release|x86.Build.0 = Release|Win32
		{00B47050-444F-4980-A03C-A1EC4ABA0E05}.Debug|x64.ActiveCfg = Debug|x64
		{00B47050-444F-4980-A03C-A1EC4ABA0E05}.Debug|x64.Build.0 = Debug|x64
		{00B47050-444F-4980-A03C-A1EC4ABA0E05}.Debug|x86.ActiveCfg = Debug|Win32
		{00B47050-444F-4980-A03C-A1EC4ABA0E05}.Debug|x86.Build.0 = Debug|Win32
		{00B47050-444F-4980-A03C-A1EC4ABA0E05}.Release|x64.ActiveCfg = Release|x64
		{00B47050-444F-4980-A03C-A1EC4ABA0E05}.Release|x64.Build.0 = Release|x64
		{00B47050-444F-4980-A03C-A1EC4ABA0E05}.Release|x86.ActiveCfg = Release|Win32
		{00B47050-444F-4980-A03C-A1EC4ABA0E05}.Release|x86.Build.0 = Release|Win32
	EndGlobalSection
	GlobalSection(SolutionProperties) = preSolution
		HideSolutionNode = FALSE
	EndGlobalSection
	GlobalSection(ExtensibilityGlobals) = postSolution
		SolutionGuid = {982452FD-34EA-4ADB-9D5F-43C3FC983EFE}
	EndGlobalSection
EndGlobal
